
Microsoft Visual Studio Solution File, Format Version 12.00
# Visual Studio Version 16
VisualStudioVersion = 16.0.31829.152
MinimumVisualStudioVersion = 10.0.40219.1
Project("{FAE04EC0-301F-11D3-BF4B-00C04F79EFBC}") = "Embassy", "Embassy\Embassy.csproj", "{A36410B2-6238-40B4-A693-23DB30292049}"
EndProject
Project("{FAE04EC0-301F-11D3-BF4B-00C04F79EFBC}") = "EmbassyAPI", "EmbassyAPI\EmbassyAPI.csproj", "{E3EFF920-0647-4EA7-A901-E4BC7D4B74C1}"
EndProject
Global
	GlobalSection(SolutionConfigurationPlatforms) = preSolution
		Debug|Any CPU = Debug|Any CPU
		Release|Any CPU = Release|Any CPU
	EndGlobalSection
	GlobalSection(ProjectConfigurationPlatforms) = postSolution
		{A36410B2-6238-40B4-A693-23DB30292049}.Debug|Any CPU.ActiveCfg = Debug|Any CPU
		{A36410B2-6238-40B4-A693-23DB30292049}.Debug|Any CPU.Build.0 = Debug|Any CPU
		{A36410B2-6238-40B4-A693-23DB30292049}.Release|Any CPU.ActiveCfg = Release|Any CPU
		{A36410B2-6238-40B4-A693-23DB30292049}.Release|Any CPU.Build.0 = Release|Any CPU
		{E3EFF920-0647-4EA7-A901-E4BC7D4B74C1}.Debug|Any CPU.ActiveCfg = Debug|Any CPU
		{E3EFF920-0647-4EA7-A901-E4BC7D4B74C1}.Debug|Any CPU.Build.0 = Debug|Any CPU
		{E3EFF920-0647-4EA7-A901-E4BC7D4B74C1}.Release|Any CPU.ActiveCfg = Release|Any CPU
		{E3EFF920-0647-4EA7-A901-E4BC7D4B74C1}.Release|Any CPU.Build.0 = Release|Any CPU
	EndGlobalSection
	GlobalSection(SolutionProperties) = preSolution
		HideSolutionNode = FALSE
	EndGlobalSection
	GlobalSection(ExtensibilityGlobals) = postSolution
		SolutionGuid = {835FC89F-F668-461E-B645-D32D84317730}
	EndGlobalSection
EndGlobal
